// !$*UTF8*$!
{
	archiveVersion = 1;
	classes = {
	};
	objectVersion = 50;
	objects = {

/* Begin PBXBuildFile section */
		87FAD11E20D1406600D72516 /* AppDelegate.swift in Sources */ = {isa = PBXBuildFile; fileRef = 87FAD11D20D1406600D72516 /* AppDelegate.swift */; };
		87FAD12020D1406600D72516 /* FollowerListViewController.swift in Sources */ = {isa = PBXBuildFile; fileRef = 87FAD11F20D1406600D72516 /* FollowerListViewController.swift */; };
		87FAD12320D1406600D72516 /* Main.storyboard in Resources */ = {isa = PBXBuildFile; fileRef = 87FAD12120D1406600D72516 /* Main.storyboard */; };
		87FAD12520D1406700D72516 /* Assets.xcassets in Resources */ = {isa = PBXBuildFile; fileRef = 87FAD12420D1406700D72516 /* Assets.xcassets */; };
		87FAD12820D1406700D72516 /* LaunchScreen.storyboard in Resources */ = {isa = PBXBuildFile; fileRef = 87FAD12620D1406700D72516 /* LaunchScreen.storyboard */; };
		87FAD13020D1407E00D72516 /* NetworkGateway.swift in Sources */ = {isa = PBXBuildFile; fileRef = 87FAD12F20D1407E00D72516 /* NetworkGateway.swift */; };
		87FAD13220D14F3700D72516 /* ChatViewController.swift in Sources */ = {isa = PBXBuildFile; fileRef = 87FAD13120D14F3700D72516 /* ChatViewController.swift */; };
		87FAD13620D5D2BA00D72516 /* FileSystemGateway.swift in Sources */ = {isa = PBXBuildFile; fileRef = 87FAD13520D5D2BA00D72516 /* FileSystemGateway.swift */; };
/* End PBXBuildFile section */

/* Begin PBXFileReference section */
		87FAD11A20D1406600D72516 /* TwitterChat.app */ = {isa = PBXFileReference; explicitFileType = wrapper.application; includeInIndex = 0; path = TwitterChat.app; sourceTree = BUILT_PRODUCTS_DIR; };
		87FAD11D20D1406600D72516 /* AppDelegate.swift */ = {isa = PBXFileReference; lastKnownFileType = sourcecode.swift; path = AppDelegate.swift; sourceTree = "<group>"; };
		87FAD11F20D1406600D72516 /* FollowerListViewController.swift */ = {isa = PBXFileReference; lastKnownFileType = sourcecode.swift; path = FollowerListViewController.swift; sourceTree = "<group>"; };
		87FAD12220D1406600D72516 /* Base */ = {isa = PBXFileReference; lastKnownFileType = file.storyboard; name = Base; path = Base.lproj/Main.storyboard; sourceTree = "<group>"; };
		87FAD12420D1406700D72516 /* Assets.xcassets */ = {isa = PBXFileReference; lastKnownFileType = folder.assetcatalog; path = Assets.xcassets; sourceTree = "<group>"; };
		87FAD12720D1406700D72516 /* Base */ = {isa = PBXFileReference; lastKnownFileType = file.storyboard; name = Base; path = Base.lproj/LaunchScreen.storyboard; sourceTree = "<group>"; };
		87FAD12920D1406700D72516 /* Info.plist */ = {isa = PBXFileReference; lastKnownFileType = text.plist.xml; path = Info.plist; sourceTree = "<group>"; };
		87FAD12F20D1407E00D72516 /* NetworkGateway.swift */ = {isa = PBXFileReference; lastKnownFileType = sourcecode.swift; path = NetworkGateway.swift; sourceTree = "<group>"; };
		87FAD13120D14F3700D72516 /* ChatViewController.swift */ = {isa = PBXFileReference; lastKnownFileType = sourcecode.swift; path = ChatViewController.swift; sourceTree = "<group>"; };
		87FAD13520D5D2BA00D72516 /* FileSystemGateway.swift */ = {isa = PBXFileReference; lastKnownFileType = sourcecode.swift; path = FileSystemGateway.swift; sourceTree = "<group>"; };
/* End PBXFileReference section */

/* Begin PBXFrameworksBuildPhase section */
		87FAD11720D1406500D72516 /* Frameworks */ = {
			isa = PBXFrameworksBuildPhase;
			buildActionMask = 2147483647;
			files = (
			);
			runOnlyForDeploymentPostprocessing = 0;
		};
/* End PBXFrameworksBuildPhase section */

/* Begin PBXGroup section */
		87FAD11120D1406500D72516 = {
			isa = PBXGroup;
			children = (
				87FAD11C20D1406600D72516 /* TwitterChat */,
				87FAD11B20D1406600D72516 /* Products */,
			);
			sourceTree = "<group>";
		};
		87FAD11B20D1406600D72516 /* Products */ = {
			isa = PBXGroup;
			children = (
				87FAD11A20D1406600D72516 /* TwitterChat.app */,
			);
			name = Products;
			sourceTree = "<group>";
		};
		87FAD11C20D1406600D72516 /* TwitterChat */ = {
			isa = PBXGroup;
			children = (
				87FAD11D20D1406600D72516 /* AppDelegate.swift */,
				87FAD11F20D1406600D72516 /* FollowerListViewController.swift */,
				87FAD12120D1406600D72516 /* Main.storyboard */,
				87FAD12420D1406700D72516 /* Assets.xcassets */,
				87FAD12620D1406700D72516 /* LaunchScreen.storyboard */,
				87FAD12920D1406700D72516 /* Info.plist */,
				87FAD12F20D1407E00D72516 /* NetworkGateway.swift */,
				87FAD13120D14F3700D72516 /* ChatViewController.swift */,
				87FAD13520D5D2BA00D72516 /* FileSystemGateway.swift */,
			);
			path = TwitterChat;
			sourceTree = "<group>";
		};
/* End PBXGroup section */

/* Begin PBXNativeTarget section */
		87FAD11920D1406500D72516 /* TwitterChat */ = {
			isa = PBXNativeTarget;
			buildConfigurationList = 87FAD12C20D1406700D72516 /* Build configuration list for PBXNativeTarget "TwitterChat" */;
			buildPhases = (
				87FAD11620D1406500D72516 /* Sources */,
				87FAD11720D1406500D72516 /* Frameworks */,
				87FAD11820D1406500D72516 /* Resources */,
			);
			buildRules = (
			);
			dependencies = (
			);
			name = TwitterChat;
			productName = Twitcari;
			productReference = 87FAD11A20D1406600D72516 /* TwitterChat.app */;
			productType = "com.apple.product-type.application";
		};
/* End PBXNativeTarget section */

/* Begin PBXProject section */
		87FAD11220D1406500D72516 /* Project object */ = {
			isa = PBXProject;
			attributes = {
				LastSwiftUpdateCheck = 0940;
				LastUpgradeCheck = 0940;
				ORGANIZATIONNAME = Owehmgee;
				TargetAttributes = {
					87FAD11920D1406500D72516 = {
						CreatedOnToolsVersion = 9.4;
					};
				};
			};
			buildConfigurationList = 87FAD11520D1406500D72516 /* Build configuration list for PBXProject "TwitterChat" */;
			compatibilityVersion = "Xcode 9.3";
			developmentRegion = en;
			hasScannedForEncodings = 0;
			knownRegions = (
				en,
				Base,
			);
			mainGroup = 87FAD11120D1406500D72516;
			productRefGroup = 87FAD11B20D1406600D72516 /* Products */;
			projectDirPath = "";
			projectRoot = "";
			targets = (
				87FAD11920D1406500D72516 /* TwitterChat */,
			);
		};
/* End PBXProject section */

/* Begin PBXResourcesBuildPhase section */
		87FAD11820D1406500D72516 /* Resources */ = {
			isa = PBXResourcesBuildPhase;
			buildActionMask = 2147483647;
			files = (
				87FAD12820D1406700D72516 /* LaunchScreen.storyboard in Resources */,
				87FAD12520D1406700D72516 /* Assets.xcassets in Resources */,
				87FAD12320D1406600D72516 /* Main.storyboard in Resources */,
			);
			runOnlyForDeploymentPostprocessing = 0;
		};
/* End PBXResourcesBuildPhase section */

/* Begin PBXSourcesBuildPhase section */
		87FAD11620D1406500D72516 /* Sources */ = {
			isa = PBXSourcesBuildPhase;
			buildActionMask = 2147483647;
			files = (
				87FAD13020D1407E00D72516 /* NetworkGateway.swift in Sources */,
				87FAD13220D14F3700D72516 /* ChatViewController.swift in Sources */,
				87FAD12020D1406600D72516 /* FollowerListViewController.swift in Sources */,
				87FAD11E20D1406600D72516 /* AppDelegate.swift in Sources */,
				87FAD13620D5D2BA00D72516 /* FileSystemGateway.swift in Sources */,
			);
			runOnlyForDeploymentPostprocessing = 0;
		};
/* End PBXSourcesBuildPhase section */

/* Begin PBXVariantGroup section */
		87FAD12120D1406600D72516 /* Main.storyboard */ = {
			isa = PBXVariantGroup;
			children = (
				87FAD12220D1406600D72516 /* Base */,
			);
			name = Main.storyboard;
			sourceTree = "<group>";
		};
		87FAD12620D1406700D72516 /* LaunchScreen.storyboard */ = {
			isa = PBXVariantGroup;
			children = (
				87FAD12720D1406700D72516 /* Base */,
			);
			name = LaunchScreen.storyboard;
			sourceTree = "<group>";
		};
/* End PBXVariantGroup section */

/* Begin XCBuildConfiguration section */
		87FAD12A20D1406700D72516 /* Debug */ = {
			isa = XCBuildConfiguration;
			buildSettings = {
				ALWAYS_SEARCH_USER_PATHS = NO;
				CLANG_ANALYZER_NONNULL = YES;
				CLANG_ANALYZER_NUMBER_OBJECT_CONVERSION = YES_AGGRESSIVE;
				CLANG_CXX_LANGUAGE_STANDARD = "gnu++14";
				CLANG_CXX_LIBRARY = "libc++";
				CLANG_ENABLE_MODULES = YES;
				CLANG_ENABLE_OBJC_ARC = YES;
				CLANG_ENABLE_OBJC_WEAK = YES;
				CLANG_WARN_BLOCK_CAPTURE_AUTORELEASING = YES;
				CLANG_WARN_BOOL_CONVERSION = YES;
				CLANG_WARN_COMMA = YES;
				CLANG_WARN_CONSTANT_CONVERSION = YES;
				CLANG_WARN_DEPRECATED_OBJC_IMPLEMENTATIONS = YES;
				CLANG_WARN_DIRECT_OBJC_ISA_USAGE = YES_ERROR;
				CLANG_WARN_DOCUMENTATION_COMMENTS = YES;
				CLANG_WARN_EMPTY_BODY = YES;
				CLANG_WARN_ENUM_CONVERSION = YES;
				CLANG_WARN_INFINITE_RECURSION = YES;
				CLANG_WARN_INT_CONVERSION = YES;
				CLANG_WARN_NON_LITERAL_NULL_CONVERSION = YES;
				CLANG_WARN_OBJC_IMPLICIT_RETAIN_SELF = YES;
				CLANG_WARN_OBJC_LITERAL_CONVERSION = YES;
				CLANG_WARN_OBJC_ROOT_CLASS = YES_ERROR;
				CLANG_WARN_RANGE_LOOP_ANALYSIS = YES;
				CLANG_WARN_STRICT_PROTOTYPES = YES;
				CLANG_WARN_SUSPICIOUS_MOVE = YES;
				CLANG_WARN_UNGUARDED_AVAILABILITY = YES_AGGRESSIVE;
				CLANG_WARN_UNREACHABLE_CODE = YES;
				CLANG_WARN__DUPLICATE_METHOD_MATCH = YES;
				CODE_SIGN_IDENTITY = "iPhone Developer";
				COPY_PHASE_STRIP = NO;
				DEBUG_INFORMATION_FORMAT = dwarf;
				ENABLE_STRICT_OBJC_MSGSEND = YES;
				ENABLE_TESTABILITY = YES;
				GCC_C_LANGUAGE_STANDARD = gnu11;
				GCC_DYNAMIC_NO_PIC = NO;
				GCC_NO_COMMON_BLOCKS = YES;
				GCC_OPTIMIZATION_LEVEL = 0;
				GCC_PREPROCESSOR_DEFINITIONS = (
					"DEBUG=1",
					"$(inherited)",
				);
				GCC_WARN_64_TO_32_BIT_CONVERSION = YES;
				GCC_WARN_ABOUT_RETURN_TYPE = YES_ERROR;
				GCC_WARN_UNDECLARED_SELECTOR = YES;
				GCC_WARN_UNINITIALIZED_AUTOS = YES_AGGRESSIVE;
				GCC_WARN_UNUSED_FUNCTION = YES;
				GCC_WARN_UNUSED_VARIABLE = YES;
				IPHONEOS_DEPLOYMENT_TARGET = 11.4;
				MTL_ENABLE_DEBUG_INFO = YES;
				ONLY_ACTIVE_ARCH = YES;
				SDKROOT = iphoneos;
				SWIFT_ACTIVE_COMPILATION_CONDITIONS = DEBUG;
				SWIFT_OPTIMIZATION_LEVEL = "-Onone";
			};
			name = Debug;
		};
		87FAD12B20D1406700D72516 /* Release */ = {
			isa = XCBuildConfiguration;
			buildSettings = {
				ALWAYS_SEARCH_USER_PATHS = NO;
				CLANG_ANALYZER_NONNULL = YES;
				CLANG_ANALYZER_NUMBER_OBJECT_CONVERSION = YES_AGGRESSIVE;
				CLANG_CXX_LANGUAGE_STANDARD = "gnu++14";
				CLANG_CXX_LIBRARY = "libc++";
				CLANG_ENABLE_MODULES = YES;
				CLANG_ENABLE_OBJC_ARC = YES;
				CLANG_ENABLE_OBJC_WEAK = YES;
				CLANG_WARN_BLOCK_CAPTURE_AUTORELEASING = YES;
				CLANG_WARN_BOOL_CONVERSION = YES;
				CLANG_WARN_COMMA = YES;
				CLANG_WARN_CONSTANT_CONVERSION = YES;
				CLANG_WARN_DEPRECATED_OBJC_IMPLEMENTATIONS = YES;
				CLANG_WARN_DIRECT_OBJC_ISA_USAGE = YES_ERROR;
				CLANG_WARN_DOCUMENTATION_COMMENTS = YES;
				CLANG_WARN_EMPTY_BODY = YES;
				CLANG_WARN_ENUM_CONVERSION = YES;
				CLANG_WARN_INFINITE_RECURSION = YES;
				CLANG_WARN_INT_CONVERSION = YES;
				CLANG_WARN_NON_LITERAL_NULL_CONVERSION = YES;
				CLANG_WARN_OBJC_IMPLICIT_RETAIN_SELF = YES;
				CLANG_WARN_OBJC_LITERAL_CONVERSION = YES;
				CLANG_WARN_OBJC_ROOT_CLASS = YES_ERROR;
				CLANG_WARN_RANGE_LOOP_ANALYSIS = YES;
				CLANG_WARN_STRICT_PROTOTYPES = YES;
				CLANG_WARN_SUSPICIOUS_MOVE = YES;
				CLANG_WARN_UNGUARDED_AVAILABILITY = YES_AGGRESSIVE;
				CLANG_WARN_UNREACHABLE_CODE = YES;
				CLANG_WARN__DUPLICATE_METHOD_MATCH = YES;
				CODE_SIGN_IDENTITY = "iPhone Developer";
				COPY_PHASE_STRIP = NO;
				DEBUG_INFORMATION_FORMAT = "dwarf-with-dsym";
				ENABLE_NS_ASSERTIONS = NO;
				ENABLE_STRICT_OBJC_MSGSEND = YES;
				GCC_C_LANGUAGE_STANDARD = gnu11;
				GCC_NO_COMMON_BLOCKS = YES;
				GCC_WARN_64_TO_32_BIT_CONVERSION = YES;
				GCC_WARN_ABOUT_RETURN_TYPE = YES_ERROR;
				GCC_WARN_UNDECLARED_SELECTOR = YES;
				GCC_WARN_UNINITIALIZED_AUTOS = YES_AGGRESSIVE;
				GCC_WARN_UNUSED_FUNCTION = YES;
				GCC_WARN_UNUSED_VARIABLE = YES;
				IPHONEOS_DEPLOYMENT_TARGET = 11.4;
				MTL_ENABLE_DEBUG_INFO = NO;
				SDKROOT = iphoneos;
				SWIFT_COMPILATION_MODE = wholemodule;
				SWIFT_OPTIMIZATION_LEVEL = "-O";
				VALIDATE_PRODUCT = YES;
			};
			name = Release;
		};
		87FAD12D20D1406700D72516 /* Debug */ = {
			isa = XCBuildConfiguration;
			buildSettings = {
				ASSETCATALOG_COMPILER_APPICON_NAME = AppIcon;
				CODE_SIGN_STYLE = Automatic;
				DEVELOPMENT_TEAM = FBUUXR3RVN;
				INFOPLIST_FILE = "$(SRCROOT)/TwitterChat/Info.plist";
				LD_RUNPATH_SEARCH_PATHS = (
					"$(inherited)",
					"@executable_path/Frameworks",
				);
				PRODUCT_BUNDLE_IDENTIFIER = com.owehmgee.TwitterChat;
				PRODUCT_NAME = "$(TARGET_NAME)";
				SWIFT_VERSION = 4.0;
				TARGETED_DEVICE_FAMILY = "1,2";
			};
			name = Debug;
		};
		87FAD12E20D1406700D72516 /* Release */ = {
			isa = XCBuildConfiguration;
			buildSettings = {
				ASSETCATALOG_COMPILER_APPICON_NAME = AppIcon;
				CODE_SIGN_STYLE = Automatic;
				DEVELOPMENT_TEAM = FBUUXR3RVN;
				INFOPLIST_FILE = "$(SRCROOT)/TwitterChat/Info.plist";
				LD_RUNPATH_SEARCH_PATHS = (
					"$(inherited)",
					"@executable_path/Frameworks",
				);
				PRODUCT_BUNDLE_IDENTIFIER = com.owehmgee.TwitterChat;
				PRODUCT_NAME = "$(TARGET_NAME)";
				SWIFT_VERSION = 4.0;
				TARGETED_DEVICE_FAMILY = "1,2";
			};
			name = Release;
		};
/* End XCBuildConfiguration section */

/* Begin XCConfigurationList section */
		87FAD11520D1406500D72516 /* Build configuration list for PBXProject "TwitterChat" */ = {
			isa = XCConfigurationList;
			buildConfigurations = (
				87FAD12A20D1406700D72516 /* Debug */,
				87FAD12B20D1406700D72516 /* Release */,
			);
			defaultConfigurationIsVisible = 0;
			defaultConfigurationName = Release;
		};
		87FAD12C20D1406700D72516 /* Build configuration list for PBXNativeTarget "TwitterChat" */ = {
			isa = XCConfigurationList;
			buildConfigurations = (
				87FAD12D20D1406700D72516 /* Debug */,
				87FAD12E20D1406700D72516 /* Release */,
			);
			defaultConfigurationIsVisible = 0;
			defaultConfigurationName = Release;
		};
/* End XCConfigurationList section */
	};
	rootObject = 87FAD11220D1406500D72516 /* Project object */;
}
